{
  "name": "httpclient",
  "version": "1.0.0",
  "lockfileVersion": 3,
  "requires": true,
  "packages": {
    "": {
      "name": "httpclient",
      "version": "1.0.0",
      "license": "ISC",
      "dependencies": {
        "fs": "latest",
        "http": "^0.0.1-security",
        "pdf2json": "^3.0.5",
        "urldecode": "latest"
      }
    },
    "node_modules/fs": {
      "version": "0.0.1-security",
      "resolved": "https://registry.npmjs.org/fs/-/fs-0.0.1-security.tgz",
      "integrity": "sha512-3XY9e1pP0CVEUCdj5BmfIZxRBTSDycnbqhIOGec9QYtmVH2fbLpj86CFWkrNOkt/Fvty4KZG5lTglL9j/gJ87w=="
    },
    "node_modules/http": {
      "version": "0.0.1-security",
      "resolved": "https://registry.npmjs.org/http/-/http-0.0.1-security.tgz",
      "integrity": "sha512-RnDvP10Ty9FxqOtPZuxtebw1j4L/WiqNMDtuc1YMH1XQm5TgDRaR1G9u8upL6KD1bXHSp9eSXo/ED+8Q7FAr+g=="
    },
    "node_modules/pdf2json": {
      "version": "3.0.5",
      "resolved": "https://registry.npmjs.org/pdf2json/-/pdf2json-3.0.5.tgz",
      "integrity": "sha512-Un1yLbSlk/zfwrltgguskExIioXZlFSFwsyXU0cnBorLywbTbcdzmJJEebh+U2cFCtR7y8nDs5lPHAe7ldxjZg==",
      "bundleDependencies": [
        "@xmldom/xmldom"
      ],
      "dependencies": {
        "@xmldom/xmldom": "^0.8.8"
      },
      "bin": {
        "pdf2json": "bin/pdf2json.js"
      },
      "engines": {
        "node": ">=18.12.1",
        "npm": ">=8.19.2"
      }
    },
    "node_modules/pdf2json/node_modules/@xmldom/xmldom": {
      "version": "0.8.8",
      "inBundle": true,
      "license": "MIT",
      "engines": {
        "node": ">=10.0.0"
      }
    },
    "node_modules/urldecode": {
      "version": "1.0.1",
      "resolved": "https://registry.npmjs.org/urldecode/-/urldecode-1.0.1.tgz",
      "integrity": "sha512-h0S6hi8/2kC6ZTbnzRyRC86BKDp9rSV2BndvtedcPSFcWdqdXc2Bru1NuF4Oq89D4HKitpX3+EJDry0uOjfTyw=="
    }
  }
}
